
Microsoft Visual Studio Solution File, Format Version 12.00
# Visual Studio Version 17
VisualStudioVersion = 17.4.33205.214
MinimumVisualStudioVersion = 10.0.40219.1
Project("{9A19103F-16F7-4668-BE54-9A1E7A4F7556}") = "Domain.RentalCar", "Domain.RentalCar\Domain.RentalCar.csproj", "{FFF62BB8-C522-4F4D-9D22-8790630B3274}"
EndProject
Project("{9A19103F-16F7-4668-BE54-9A1E7A4F7556}") = "Application.RentalCar", "Application.RentalCar\Application.RentalCar.csproj", "{1DFF0BE3-5528-44C7-A2E7-689C5E3BD15D}"
EndProject
Project("{9A19103F-16F7-4668-BE54-9A1E7A4F7556}") = "Infrastructure.RentalCar", "Infrastructure.RentalCar\Infrastructure.RentalCar.csproj", "{B9DE9595-1ABA-41E6-908B-AC89E254F545}"
EndProject
Project("{FAE04EC0-301F-11D3-BF4B-00C04F79EFBC}") = "Web.RentalCar", "Web.RentalCar\Web.RentalCar.csproj", "{6443F6D6-50EE-4552-8ED2-B929110D8210}"
EndProject
Global
	GlobalSection(SolutionConfigurationPlatforms) = preSolution
		Debug|Any CPU = Debug|Any CPU
		Release|Any CPU = Release|Any CPU
	EndGlobalSection
	GlobalSection(ProjectConfigurationPlatforms) = postSolution
		{FFF62BB8-C522-4F4D-9D22-8790630B3274}.Debug|Any CPU.ActiveCfg = Debug|Any CPU
		{FFF62BB8-C522-4F4D-9D22-8790630B3274}.Debug|Any CPU.Build.0 = Debug|Any CPU
		{FFF62BB8-C522-4F4D-9D22-8790630B3274}.Release|Any CPU.ActiveCfg = Release|Any CPU
		{FFF62BB8-C522-4F4D-9D22-8790630B3274}.Release|Any CPU.Build.0 = Release|Any CPU
		{1DFF0BE3-5528-44C7-A2E7-689C5E3BD15D}.Debug|Any CPU.ActiveCfg = Debug|Any CPU
		{1DFF0BE3-5528-44C7-A2E7-689C5E3BD15D}.Debug|Any CPU.Build.0 = Debug|Any CPU
		{1DFF0BE3-5528-44C7-A2E7-689C5E3BD15D}.Release|Any CPU.ActiveCfg = Release|Any CPU
		{1DFF0BE3-5528-44C7-A2E7-689C5E3BD15D}.Release|Any CPU.Build.0 = Release|Any CPU
		{B9DE9595-1ABA-41E6-908B-AC89E254F545}.Debug|Any CPU.ActiveCfg = Debug|Any CPU
		{B9DE9595-1ABA-41E6-908B-AC89E254F545}.Debug|Any CPU.Build.0 = Debug|Any CPU
		{B9DE9595-1ABA-41E6-908B-AC89E254F545}.Release|Any CPU.ActiveCfg = Release|Any CPU
		{B9DE9595-1ABA-41E6-908B-AC89E254F545}.Release|Any CPU.Build.0 = Release|Any CPU
		{6443F6D6-50EE-4552-8ED2-B929110D8210}.Debug|Any CPU.ActiveCfg = Debug|Any CPU
		{6443F6D6-50EE-4552-8ED2-B929110D8210}.Debug|Any CPU.Build.0 = Debug|Any CPU
		{6443F6D6-50EE-4552-8ED2-B929110D8210}.Release|Any CPU.ActiveCfg = Release|Any CPU
		{6443F6D6-50EE-4552-8ED2-B929110D8210}.Release|Any CPU.Build.0 = Release|Any CPU
	EndGlobalSection
	GlobalSection(SolutionProperties) = preSolution
		HideSolutionNode = FALSE
	EndGlobalSection
	GlobalSection(ExtensibilityGlobals) = postSolution
		SolutionGuid = {0868F01B-86AC-402A-9021-1F50633D36C5}
	EndGlobalSection
EndGlobal
